// !$*UTF8*$!
{
	archiveVersion = 1;
	classes = {
	};
	objectVersion = 50;
	objects = {

/* Begin PBXBuildFile section */
		249BC034231B9E890076ED23 /* AppDelegate.swift in Sources */ = {isa = PBXBuildFile; fileRef = 249BC033231B9E890076ED23 /* AppDelegate.swift */; };
		249BC036231B9E890076ED23 /* ViewController.swift in Sources */ = {isa = PBXBuildFile; fileRef = 249BC035231B9E890076ED23 /* ViewController.swift */; };
		249BC039231B9E890076ED23 /* Main.storyboard in Resources */ = {isa = PBXBuildFile; fileRef = 249BC037231B9E890076ED23 /* Main.storyboard */; };
		249BC03C231B9E890076ED23 /* CoreDataDemo.xcdatamodeld in Sources */ = {isa = PBXBuildFile; fileRef = 249BC03A231B9E890076ED23 /* CoreDataDemo.xcdatamodeld */; };
		249BC03E231B9E8B0076ED23 /* Assets.xcassets in Resources */ = {isa = PBXBuildFile; fileRef = 249BC03D231B9E8B0076ED23 /* Assets.xcassets */; };
		249BC041231B9E8B0076ED23 /* LaunchScreen.storyboard in Resources */ = {isa = PBXBuildFile; fileRef = 249BC03F231B9E8B0076ED23 /* LaunchScreen.storyboard */; };
		249BC04C231B9E8B0076ED23 /* CoreDataDemoTests.swift in Sources */ = {isa = PBXBuildFile; fileRef = 249BC04B231B9E8B0076ED23 /* CoreDataDemoTests.swift */; };
		249BC057231B9E8B0076ED23 /* CoreDataDemoUITests.swift in Sources */ = {isa = PBXBuildFile; fileRef = 249BC056231B9E8B0076ED23 /* CoreDataDemoUITests.swift */; };
		A4A4A5E91CEC4B9C960DAECE /* Pods_CoreDataDemo.framework in Frameworks */ = {isa = PBXBuildFile; fileRef = C8EC1AD5B96BAE28B3C9C300 /* Pods_CoreDataDemo.framework */; };
		A5339D8FF8863F0090AA29C3 /* Pods_CoreDataDemoTests.framework in Frameworks */ = {isa = PBXBuildFile; fileRef = DE39597876F6A1BF9D2D9CF8 /* Pods_CoreDataDemoTests.framework */; };
		C179AD51940A708BF92E16BF /* Pods_CoreDataDemoUITests.framework in Frameworks */ = {isa = PBXBuildFile; fileRef = 177A332DFF58C2C8F5D97303 /* Pods_CoreDataDemoUITests.framework */; };
/* End PBXBuildFile section */

/* Begin PBXContainerItemProxy section */
		249BC048231B9E8B0076ED23 /* PBXContainerItemProxy */ = {
			isa = PBXContainerItemProxy;
			containerPortal = 249BC028231B9E890076ED23 /* Project object */;
			proxyType = 1;
			remoteGlobalIDString = 249BC02F231B9E890076ED23;
			remoteInfo = CoreDataDemo;
		};
		249BC053231B9E8B0076ED23 /* PBXContainerItemProxy */ = {
			isa = PBXContainerItemProxy;
			containerPortal = 249BC028231B9E890076ED23 /* Project object */;
			proxyType = 1;
			remoteGlobalIDString = 249BC02F231B9E890076ED23;
			remoteInfo = CoreDataDemo;
		};
/* End PBXContainerItemProxy section */

/* Begin PBXFileReference section */
		177A332DFF58C2C8F5D97303 /* Pods_CoreDataDemoUITests.framework */ = {isa = PBXFileReference; explicitFileType = wrapper.framework; includeInIndex = 0; path = Pods_CoreDataDemoUITests.framework; sourceTree = BUILT_PRODUCTS_DIR; };
		249BC030231B9E890076ED23 /* CoreDataDemo.app */ = {isa = PBXFileReference; explicitFileType = wrapper.application; includeInIndex = 0; path = CoreDataDemo.app; sourceTree = BUILT_PRODUCTS_DIR; };
		249BC033231B9E890076ED23 /* AppDelegate.swift */ = {isa = PBXFileReference; lastKnownFileType = sourcecode.swift; path = AppDelegate.swift; sourceTree = "<group>"; };
		249BC035231B9E890076ED23 /* ViewController.swift */ = {isa = PBXFileReference; lastKnownFileType = sourcecode.swift; path = ViewController.swift; sourceTree = "<group>"; };
		249BC038231B9E890076ED23 /* Base */ = {isa = PBXFileReference; lastKnownFileType = file.storyboard; name = Base; path = Base.lproj/Main.storyboard; sourceTree = "<group>"; };
		249BC03B231B9E890076ED23 /* CoreDataDemo.xcdatamodel */ = {isa = PBXFileReference; lastKnownFileType = wrapper.xcdatamodel; path = CoreDataDemo.xcdatamodel; sourceTree = "<group>"; };
		249BC03D231B9E8B0076ED23 /* Assets.xcassets */ = {isa = PBXFileReference; lastKnownFileType = folder.assetcatalog; path = Assets.xcassets; sourceTree = "<group>"; };
		249BC040231B9E8B0076ED23 /* Base */ = {isa = PBXFileReference; lastKnownFileType = file.storyboard; name = Base; path = Base.lproj/LaunchScreen.storyboard; sourceTree = "<group>"; };
		249BC042231B9E8B0076ED23 /* Info.plist */ = {isa = PBXFileReference; lastKnownFileType = text.plist.xml; path = Info.plist; sourceTree = "<group>"; };
		249BC047231B9E8B0076ED23 /* CoreDataDemoTests.xctest */ = {isa = PBXFileReference; explicitFileType = wrapper.cfbundle; includeInIndex = 0; path = CoreDataDemoTests.xctest; sourceTree = BUILT_PRODUCTS_DIR; };
		249BC04B231B9E8B0076ED23 /* CoreDataDemoTests.swift */ = {isa = PBXFileReference; lastKnownFileType = sourcecode.swift; path = CoreDataDemoTests.swift; sourceTree = "<group>"; };
		249BC04D231B9E8B0076ED23 /* Info.plist */ = {isa = PBXFileReference; lastKnownFileType = text.plist.xml; path = Info.plist; sourceTree = "<group>"; };
		249BC052231B9E8B0076ED23 /* CoreDataDemoUITests.xctest */ = {isa = PBXFileReference; explicitFileType = wrapper.cfbundle; includeInIndex = 0; path = CoreDataDemoUITests.xctest; sourceTree = BUILT_PRODUCTS_DIR; };
		249BC056231B9E8B0076ED23 /* CoreDataDemoUITests.swift */ = {isa = PBXFileReference; lastKnownFileType = sourcecode.swift; path = CoreDataDemoUITests.swift; sourceTree = "<group>"; };
		249BC058231B9E8B0076ED23 /* Info.plist */ = {isa = PBXFileReference; lastKnownFileType = text.plist.xml; path = Info.plist; sourceTree = "<group>"; };
		436FA16B570F7AEE2837DE73 /* Pods-CoreDataDemoTests.debug.xcconfig */ = {isa = PBXFileReference; includeInIndex = 1; lastKnownFileType = text.xcconfig; name = "Pods-CoreDataDemoTests.debug.xcconfig"; path = "Target Support Files/Pods-CoreDataDemoTests/Pods-CoreDataDemoTests.debug.xcconfig"; sourceTree = "<group>"; };
		67087AB02C64F1323F1FF42B /* Pods-CoreDataDemo.release.xcconfig */ = {isa = PBXFileReference; includeInIndex = 1; lastKnownFileType = text.xcconfig; name = "Pods-CoreDataDemo.release.xcconfig"; path = "Target Support Files/Pods-CoreDataDemo/Pods-CoreDataDemo.release.xcconfig"; sourceTree = "<group>"; };
		98E1E0C43D1BED0CA4E3A03C /* Pods-CoreDataDemoUITests.debug.xcconfig */ = {isa = PBXFileReference; includeInIndex = 1; lastKnownFileType = text.xcconfig; name = "Pods-CoreDataDemoUITests.debug.xcconfig"; path = "Target Support Files/Pods-CoreDataDemoUITests/Pods-CoreDataDemoUITests.debug.xcconfig"; sourceTree = "<group>"; };
		C8EC1AD5B96BAE28B3C9C300 /* Pods_CoreDataDemo.framework */ = {isa = PBXFileReference; explicitFileType = wrapper.framework; includeInIndex = 0; path = Pods_CoreDataDemo.framework; sourceTree = BUILT_PRODUCTS_DIR; };
		D2E6EA880DBAA4A85679028B /* Pods-CoreDataDemo.debug.xcconfig */ = {isa = PBXFileReference; includeInIndex = 1; lastKnownFileType = text.xcconfig; name = "Pods-CoreDataDemo.debug.xcconfig"; path = "Target Support Files/Pods-CoreDataDemo/Pods-CoreDataDemo.debug.xcconfig"; sourceTree = "<group>"; };
		DE39597876F6A1BF9D2D9CF8 /* Pods_CoreDataDemoTests.framework */ = {isa = PBXFileReference; explicitFileType = wrapper.framework; includeInIndex = 0; path = Pods_CoreDataDemoTests.framework; sourceTree = BUILT_PRODUCTS_DIR; };
		E1BC78CC3E2C3636184DDFBE /* Pods-CoreDataDemoUITests.release.xcconfig */ = {isa = PBXFileReference; includeInIndex = 1; lastKnownFileType = text.xcconfig; name = "Pods-CoreDataDemoUITests.release.xcconfig"; path = "Target Support Files/Pods-CoreDataDemoUITests/Pods-CoreDataDemoUITests.release.xcconfig"; sourceTree = "<group>"; };
		F188E106A9C2636A5010ECAB /* Pods-CoreDataDemoTests.release.xcconfig */ = {isa = PBXFileReference; includeInIndex = 1; lastKnownFileType = text.xcconfig; name = "Pods-CoreDataDemoTests.release.xcconfig"; path = "Target Support Files/Pods-CoreDataDemoTests/Pods-CoreDataDemoTests.release.xcconfig"; sourceTree = "<group>"; };
/* End PBXFileReference section */

/* Begin PBXFrameworksBuildPhase section */
		249BC02D231B9E890076ED23 /* Frameworks */ = {
			isa = PBXFrameworksBuildPhase;
			buildActionMask = 2147483647;
			files = (
				A4A4A5E91CEC4B9C960DAECE /* Pods_CoreDataDemo.framework in Frameworks */,
			);
			runOnlyForDeploymentPostprocessing = 0;
		};
		249BC044231B9E8B0076ED23 /* Frameworks */ = {
			isa = PBXFrameworksBuildPhase;
			buildActionMask = 2147483647;
			files = (
				A5339D8FF8863F0090AA29C3 /* Pods_CoreDataDemoTests.framework in Frameworks */,
			);
			runOnlyForDeploymentPostprocessing = 0;
		};
		249BC04F231B9E8B0076ED23 /* Frameworks */ = {
			isa = PBXFrameworksBuildPhase;
			buildActionMask = 2147483647;
			files = (
				C179AD51940A708BF92E16BF /* Pods_CoreDataDemoUITests.framework in Frameworks */,
			);
			runOnlyForDeploymentPostprocessing = 0;
		};
/* End PBXFrameworksBuildPhase section */

/* Begin PBXGroup section */
		086B3E85E6480E20D10CFCCD /* Pods */ = {
			isa = PBXGroup;
			children = (
				D2E6EA880DBAA4A85679028B /* Pods-CoreDataDemo.debug.xcconfig */,
				67087AB02C64F1323F1FF42B /* Pods-CoreDataDemo.release.xcconfig */,
				436FA16B570F7AEE2837DE73 /* Pods-CoreDataDemoTests.debug.xcconfig */,
				F188E106A9C2636A5010ECAB /* Pods-CoreDataDemoTests.release.xcconfig */,
				98E1E0C43D1BED0CA4E3A03C /* Pods-CoreDataDemoUITests.debug.xcconfig */,
				E1BC78CC3E2C3636184DDFBE /* Pods-CoreDataDemoUITests.release.xcconfig */,
			);
			name = Pods;
			path = Pods;
			sourceTree = "<group>";
		};
		249BC027231B9E890076ED23 = {
			isa = PBXGroup;
			children = (
				249BC032231B9E890076ED23 /* CoreDataDemo */,
				249BC04A231B9E8B0076ED23 /* CoreDataDemoTests */,
				249BC055231B9E8B0076ED23 /* CoreDataDemoUITests */,
				249BC031231B9E890076ED23 /* Products */,
				086B3E85E6480E20D10CFCCD /* Pods */,
				4D1A9305E236FBB0D5F0558D /* Frameworks */,
			);
			sourceTree = "<group>";
		};
		249BC031231B9E890076ED23 /* Products */ = {
			isa = PBXGroup;
			children = (
				249BC030231B9E890076ED23 /* CoreDataDemo.app */,
				249BC047231B9E8B0076ED23 /* CoreDataDemoTests.xctest */,
				249BC052231B9E8B0076ED23 /* CoreDataDemoUITests.xctest */,
			);
			name = Products;
			sourceTree = "<group>";
		};
		249BC032231B9E890076ED23 /* CoreDataDemo */ = {
			isa = PBXGroup;
			children = (
				249BC033231B9E890076ED23 /* AppDelegate.swift */,
				249BC035231B9E890076ED23 /* ViewController.swift */,
				249BC037231B9E890076ED23 /* Main.storyboard */,
				249BC03D231B9E8B0076ED23 /* Assets.xcassets */,
				249BC03F231B9E8B0076ED23 /* LaunchScreen.storyboard */,
				249BC042231B9E8B0076ED23 /* Info.plist */,
				249BC03A231B9E890076ED23 /* CoreDataDemo.xcdatamodeld */,
			);
			path = CoreDataDemo;
			sourceTree = "<group>";
		};
		249BC04A231B9E8B0076ED23 /* CoreDataDemoTests */ = {
			isa = PBXGroup;
			children = (
				249BC04B231B9E8B0076ED23 /* CoreDataDemoTests.swift */,
				249BC04D231B9E8B0076ED23 /* Info.plist */,
			);
			path = CoreDataDemoTests;
			sourceTree = "<group>";
		};
		249BC055231B9E8B0076ED23 /* CoreDataDemoUITests */ = {
			isa = PBXGroup;
			children = (
				249BC056231B9E8B0076ED23 /* CoreDataDemoUITests.swift */,
				249BC058231B9E8B0076ED23 /* Info.plist */,
			);
			path = CoreDataDemoUITests;
			sourceTree = "<group>";
		};
		4D1A9305E236FBB0D5F0558D /* Frameworks */ = {
			isa = PBXGroup;
			children = (
				C8EC1AD5B96BAE28B3C9C300 /* Pods_CoreDataDemo.framework */,
				DE39597876F6A1BF9D2D9CF8 /* Pods_CoreDataDemoTests.framework */,
				177A332DFF58C2C8F5D97303 /* Pods_CoreDataDemoUITests.framework */,
			);
			name = Frameworks;
			sourceTree = "<group>";
		};
/* End PBXGroup section */

/* Begin PBXNativeTarget section */
		249BC02F231B9E890076ED23 /* CoreDataDemo */ = {
			isa = PBXNativeTarget;
			buildConfigurationList = 249BC05B231B9E8B0076ED23 /* Build configuration list for PBXNativeTarget "CoreDataDemo" */;
			buildPhases = (
				61714449628A606A3AA2F503 /* [CP] Check Pods Manifest.lock */,
				249BC02C231B9E890076ED23 /* Sources */,
				249BC02D231B9E890076ED23 /* Frameworks */,
				249BC02E231B9E890076ED23 /* Resources */,
			);
			buildRules = (
			);
			dependencies = (
			);
			name = CoreDataDemo;
			productName = CoreDataDemo;
			productReference = 249BC030231B9E890076ED23 /* CoreDataDemo.app */;
			productType = "com.apple.product-type.application";
		};
		249BC046231B9E8B0076ED23 /* CoreDataDemoTests */ = {
			isa = PBXNativeTarget;
			buildConfigurationList = 249BC05E231B9E8B0076ED23 /* Build configuration list for PBXNativeTarget "CoreDataDemoTests" */;
			buildPhases = (
				AAB4E9AB7169534272AAFE87 /* [CP] Check Pods Manifest.lock */,
				249BC043231B9E8B0076ED23 /* Sources */,
				249BC044231B9E8B0076ED23 /* Frameworks */,
				249BC045231B9E8B0076ED23 /* Resources */,
			);
			buildRules = (
			);
			dependencies = (
				249BC049231B9E8B0076ED23 /* PBXTargetDependency */,
			);
			name = CoreDataDemoTests;
			productName = CoreDataDemoTests;
			productReference = 249BC047231B9E8B0076ED23 /* CoreDataDemoTests.xctest */;
			productType = "com.apple.product-type.bundle.unit-test";
		};
		249BC051231B9E8B0076ED23 /* CoreDataDemoUITests */ = {
			isa = PBXNativeTarget;
			buildConfigurationList = 249BC061231B9E8B0076ED23 /* Build configuration list for PBXNativeTarget "CoreDataDemoUITests" */;
			buildPhases = (
				0C49FF681A7BAACAA143FA66 /* [CP] Check Pods Manifest.lock */,
				249BC04E231B9E8B0076ED23 /* Sources */,
				249BC04F231B9E8B0076ED23 /* Frameworks */,
				249BC050231B9E8B0076ED23 /* Resources */,
			);
			buildRules = (
			);
			dependencies = (
				249BC054231B9E8B0076ED23 /* PBXTargetDependency */,
			);
			name = CoreDataDemoUITests;
			productName = CoreDataDemoUITests;
			productReference = 249BC052231B9E8B0076ED23 /* CoreDataDemoUITests.xctest */;
			productType = "com.apple.product-type.bundle.ui-testing";
		};
/* End PBXNativeTarget section */

/* Begin PBXProject section */
		249BC028231B9E890076ED23 /* Project object */ = {
			isa = PBXProject;
			attributes = {
				LastSwiftUpdateCheck = 1020;
				LastUpgradeCheck = 1020;
				ORGANIZATIONNAME = "Rakesh Kumar";
				TargetAttributes = {
					249BC02F231B9E890076ED23 = {
						CreatedOnToolsVersion = 10.2.1;
					};
					249BC046231B9E8B0076ED23 = {
						CreatedOnToolsVersion = 10.2.1;
						TestTargetID = 249BC02F231B9E890076ED23;
					};
					249BC051231B9E8B0076ED23 = {
						CreatedOnToolsVersion = 10.2.1;
						TestTargetID = 249BC02F231B9E890076ED23;
					};
				};
			};
			buildConfigurationList = 249BC02B231B9E890076ED23 /* Build configuration list for PBXProject "CoreDataDemo" */;
			compatibilityVersion = "Xcode 9.3";
			developmentRegion = en;
			hasScannedForEncodings = 0;
			knownRegions = (
				en,
				Base,
			);
			mainGroup = 249BC027231B9E890076ED23;
			productRefGroup = 249BC031231B9E890076ED23 /* Products */;
			projectDirPath = "";
			projectRoot = "";
			targets = (
				249BC02F231B9E890076ED23 /* CoreDataDemo */,
				249BC046231B9E8B0076ED23 /* CoreDataDemoTests */,
				249BC051231B9E8B0076ED23 /* CoreDataDemoUITests */,
			);
		};
/* End PBXProject section */

/* Begin PBXResourcesBuildPhase section */
		249BC02E231B9E890076ED23 /* Resources */ = {
			isa = PBXResourcesBuildPhase;
			buildActionMask = 2147483647;
			files = (
				249BC041231B9E8B0076ED23 /* LaunchScreen.storyboard in Resources */,
				249BC03E231B9E8B0076ED23 /* Assets.xcassets in Resources */,
				249BC039231B9E890076ED23 /* Main.storyboard in Resources */,
			);
			runOnlyForDeploymentPostprocessing = 0;
		};
		249BC045231B9E8B0076ED23 /* Resources */ = {
			isa = PBXResourcesBuildPhase;
			buildActionMask = 2147483647;
			files = (
			);
			runOnlyForDeploymentPostprocessing = 0;
		};
		249BC050231B9E8B0076ED23 /* Resources */ = {
			isa = PBXResourcesBuildPhase;
			buildActionMask = 2147483647;
			files = (
			);
			runOnlyForDeploymentPostprocessing = 0;
		};
/* End PBXResourcesBuildPhase section */

/* Begin PBXShellScriptBuildPhase section */
		0C49FF681A7BAACAA143FA66 /* [CP] Check Pods Manifest.lock */ = {
			isa = PBXShellScriptBuildPhase;
			buildActionMask = 2147483647;
			files = (
			);
			inputFileListPaths = (
			);
			inputPaths = (
				"${PODS_PODFILE_DIR_PATH}/Podfile.lock",
				"${PODS_ROOT}/Manifest.lock",
			);
			name = "[CP] Check Pods Manifest.lock";
			outputFileListPaths = (
			);
			outputPaths = (
				"$(DERIVED_FILE_DIR)/Pods-CoreDataDemoUITests-checkManifestLockResult.txt",
			);
			runOnlyForDeploymentPostprocessing = 0;
			shellPath = /bin/sh;
			shellScript = "diff \"${PODS_PODFILE_DIR_PATH}/Podfile.lock\" \"${PODS_ROOT}/Manifest.lock\" > /dev/null\nif [ $? != 0 ] ; then\n    # print error to STDERR\n    echo \"error: The sandbox is not in sync with the Podfile.lock. Run 'pod install' or update your CocoaPods installation.\" >&2\n    exit 1\nfi\n# This output is used by Xcode 'outputs' to avoid re-running this script phase.\necho \"SUCCESS\" > \"${SCRIPT_OUTPUT_FILE_0}\"\n";
			showEnvVarsInLog = 0;
		};
		61714449628A606A3AA2F503 /* [CP] Check Pods Manifest.lock */ = {
			isa = PBXShellScriptBuildPhase;
			buildActionMask = 2147483647;
			files = (
			);
			inputFileListPaths = (
			);
			inputPaths = (
				"${PODS_PODFILE_DIR_PATH}/Podfile.lock",
				"${PODS_ROOT}/Manifest.lock",
			);
			name = "[CP] Check Pods Manifest.lock";
			outputFileListPaths = (
			);
			outputPaths = (
				"$(DERIVED_FILE_DIR)/Pods-CoreDataDemo-checkManifestLockResult.txt",
			);
			runOnlyForDeploymentPostprocessing = 0;
			shellPath = /bin/sh;
			shellScript = "diff \"${PODS_PODFILE_DIR_PATH}/Podfile.lock\" \"${PODS_ROOT}/Manifest.lock\" > /dev/null\nif [ $? != 0 ] ; then\n    # print error to STDERR\n    echo \"error: The sandbox is not in sync with the Podfile.lock. Run 'pod install' or update your CocoaPods installation.\" >&2\n    exit 1\nfi\n# This output is used by Xcode 'outputs' to avoid re-running this script phase.\necho \"SUCCESS\" > \"${SCRIPT_OUTPUT_FILE_0}\"\n";
			showEnvVarsInLog = 0;
		};
		AAB4E9AB7169534272AAFE87 /* [CP] Check Pods Manifest.lock */ = {
			isa = PBXShellScriptBuildPhase;
			buildActionMask = 2147483647;
			files = (
			);
			inputFileListPaths = (
			);
			inputPaths = (
				"${PODS_PODFILE_DIR_PATH}/Podfile.lock",
				"${PODS_ROOT}/Manifest.lock",
			);
			name = "[CP] Check Pods Manifest.lock";
			outputFileListPaths = (
			);
			outputPaths = (
				"$(DERIVED_FILE_DIR)/Pods-CoreDataDemoTests-checkManifestLockResult.txt",
			);
			runOnlyForDeploymentPostprocessing = 0;
			shellPath = /bin/sh;
			shellScript = "diff \"${PODS_PODFILE_DIR_PATH}/Podfile.lock\" \"${PODS_ROOT}/Manifest.lock\" > /dev/null\nif [ $? != 0 ] ; then\n    # print error to STDERR\n    echo \"error: The sandbox is not in sync with the Podfile.lock. Run 'pod install' or update your CocoaPods installation.\" >&2\n    exit 1\nfi\n# This output is used by Xcode 'outputs' to avoid re-running this script phase.\necho \"SUCCESS\" > \"${SCRIPT_OUTPUT_FILE_0}\"\n";
			showEnvVarsInLog = 0;
		};
/* End PBXShellScriptBuildPhase section */

/* Begin PBXSourcesBuildPhase section */
		249BC02C231B9E890076ED23 /* Sources */ = {
			isa = PBXSourcesBuildPhase;
			buildActionMask = 2147483647;
			files = (
				249BC036231B9E890076ED23 /* ViewController.swift in Sources */,
				249BC03C231B9E890076ED23 /* CoreDataDemo.xcdatamodeld in Sources */,
				249BC034231B9E890076ED23 /* AppDelegate.swift in Sources */,
			);
			runOnlyForDeploymentPostprocessing = 0;
		};
		249BC043231B9E8B0076ED23 /* Sources */ = {
			isa = PBXSourcesBuildPhase;
			buildActionMask = 2147483647;
			files = (
				249BC04C231B9E8B0076ED23 /* CoreDataDemoTests.swift in Sources */,
			);
			runOnlyForDeploymentPostprocessing = 0;
		};
		249BC04E231B9E8B0076ED23 /* Sources */ = {
			isa = PBXSourcesBuildPhase;
			buildActionMask = 2147483647;
			files = (
				249BC057231B9E8B0076ED23 /* CoreDataDemoUITests.swift in Sources */,
			);
			runOnlyForDeploymentPostprocessing = 0;
		};
/* End PBXSourcesBuildPhase section */

/* Begin PBXTargetDependency section */
		249BC049231B9E8B0076ED23 /* PBXTargetDependency */ = {
			isa = PBXTargetDependency;
			target = 249BC02F231B9E890076ED23 /* CoreDataDemo */;
			targetProxy = 249BC048231B9E8B0076ED23 /* PBXContainerItemProxy */;
		};
		249BC054231B9E8B0076ED23 /* PBXTargetDependency */ = {
			isa = PBXTargetDependency;
			target = 249BC02F231B9E890076ED23 /* CoreDataDemo */;
			targetProxy = 249BC053231B9E8B0076ED23 /* PBXContainerItemProxy */;
		};
/* End PBXTargetDependency section */

/* Begin PBXVariantGroup section */
		249BC037231B9E890076ED23 /* Main.storyboard */ = {
			isa = PBXVariantGroup;
			children = (
				249BC038231B9E890076ED23 /* Base */,
			);
			name = Main.storyboard;
			sourceTree = "<group>";
		};
		249BC03F231B9E8B0076ED23 /* LaunchScreen.storyboard */ = {
			isa = PBXVariantGroup;
			children = (
				249BC040231B9E8B0076ED23 /* Base */,
			);
			name = LaunchScreen.storyboard;
			sourceTree = "<group>";
		};
/* End PBXVariantGroup section */

/* Begin XCBuildConfiguration section */
		249BC059231B9E8B0076ED23 /* Debug */ = {
			isa = XCBuildConfiguration;
			buildSettings = {
				ALWAYS_SEARCH_USER_PATHS = NO;
				CLANG_ANALYZER_NONNULL = YES;
				CLANG_ANALYZER_NUMBER_OBJECT_CONVERSION = YES_AGGRESSIVE;
				CLANG_CXX_LANGUAGE_STANDARD = "gnu++14";
				CLANG_CXX_LIBRARY = "libc++";
				CLANG_ENABLE_MODULES = YES;
				CLANG_ENABLE_OBJC_ARC = YES;
				CLANG_ENABLE_OBJC_WEAK = YES;
				CLANG_WARN_BLOCK_CAPTURE_AUTORELEASING = YES;
				CLANG_WARN_BOOL_CONVERSION = YES;
				CLANG_WARN_COMMA = YES;
				CLANG_WARN_CONSTANT_CONVERSION = YES;
				CLANG_WARN_DEPRECATED_OBJC_IMPLEMENTATIONS = YES;
				CLANG_WARN_DIRECT_OBJC_ISA_USAGE = YES_ERROR;
				CLANG_WARN_DOCUMENTATION_COMMENTS = YES;
				CLANG_WARN_EMPTY_BODY = YES;
				CLANG_WARN_ENUM_CONVERSION = YES;
				CLANG_WARN_INFINITE_RECURSION = YES;
				CLANG_WARN_INT_CONVERSION = YES;
				CLANG_WARN_NON_LITERAL_NULL_CONVERSION = YES;
				CLANG_WARN_OBJC_IMPLICIT_RETAIN_SELF = YES;
				CLANG_WARN_OBJC_LITERAL_CONVERSION = YES;
				CLANG_WARN_OBJC_ROOT_CLASS = YES_ERROR;
				CLANG_WARN_RANGE_LOOP_ANALYSIS = YES;
				CLANG_WARN_STRICT_PROTOTYPES = YES;
				CLANG_WARN_SUSPICIOUS_MOVE = YES;
				CLANG_WARN_UNGUARDED_AVAILABILITY = YES_AGGRESSIVE;
				CLANG_WARN_UNREACHABLE_CODE = YES;
				CLANG_WARN__DUPLICATE_METHOD_MATCH = YES;
				CODE_SIGN_IDENTITY = "iPhone Developer";
				COPY_PHASE_STRIP = NO;
				DEBUG_INFORMATION_FORMAT = dwarf;
				ENABLE_STRICT_OBJC_MSGSEND = YES;
				ENABLE_TESTABILITY = YES;
				GCC_C_LANGUAGE_STANDARD = gnu11;
				GCC_DYNAMIC_NO_PIC = NO;
				GCC_NO_COMMON_BLOCKS = YES;
				GCC_OPTIMIZATION_LEVEL = 0;
				GCC_PREPROCESSOR_DEFINITIONS = (
					"DEBUG=1",
					"$(inherited)",
				);
				GCC_WARN_64_TO_32_BIT_CONVERSION = YES;
				GCC_WARN_ABOUT_RETURN_TYPE = YES_ERROR;
				GCC_WARN_UNDECLARED_SELECTOR = YES;
				GCC_WARN_UNINITIALIZED_AUTOS = YES_AGGRESSIVE;
				GCC_WARN_UNUSED_FUNCTION = YES;
				GCC_WARN_UNUSED_VARIABLE = YES;
				IPHONEOS_DEPLOYMENT_TARGET = 12.2;
				MTL_ENABLE_DEBUG_INFO = INCLUDE_SOURCE;
				MTL_FAST_MATH = YES;
				ONLY_ACTIVE_ARCH = YES;
				SDKROOT = iphoneos;
				SWIFT_ACTIVE_COMPILATION_CONDITIONS = DEBUG;
				SWIFT_OPTIMIZATION_LEVEL = "-Onone";
			};
			name = Debug;
		};
		249BC05A231B9E8B0076ED23 /* Release */ = {
			isa = XCBuildConfiguration;
			buildSettings = {
				ALWAYS_SEARCH_USER_PATHS = NO;
				CLANG_ANALYZER_NONNULL = YES;
				CLANG_ANALYZER_NUMBER_OBJECT_CONVERSION = YES_AGGRESSIVE;
				CLANG_CXX_LANGUAGE_STANDARD = "gnu++14";
				CLANG_CXX_LIBRARY = "libc++";
				CLANG_ENABLE_MODULES = YES;
				CLANG_ENABLE_OBJC_ARC = YES;
				CLANG_ENABLE_OBJC_WEAK = YES;
				CLANG_WARN_BLOCK_CAPTURE_AUTORELEASING = YES;
				CLANG_WARN_BOOL_CONVERSION = YES;
				CLANG_WARN_COMMA = YES;
				CLANG_WARN_CONSTANT_CONVERSION = YES;
				CLANG_WARN_DEPRECATED_OBJC_IMPLEMENTATIONS = YES;
				CLANG_WARN_DIRECT_OBJC_ISA_USAGE = YES_ERROR;
				CLANG_WARN_DOCUMENTATION_COMMENTS = YES;
				CLANG_WARN_EMPTY_BODY = YES;
				CLANG_WARN_ENUM_CONVERSION = YES;
				CLANG_WARN_INFINITE_RECURSION = YES;
				CLANG_WARN_INT_CONVERSION = YES;
				CLANG_WARN_NON_LITERAL_NULL_CONVERSION = YES;
				CLANG_WARN_OBJC_IMPLICIT_RETAIN_SELF = YES;
				CLANG_WARN_OBJC_LITERAL_CONVERSION = YES;
				CLANG_WARN_OBJC_ROOT_CLASS = YES_ERROR;
				CLANG_WARN_RANGE_LOOP_ANALYSIS = YES;
				CLANG_WARN_STRICT_PROTOTYPES = YES;
				CLANG_WARN_SUSPICIOUS_MOVE = YES;
				CLANG_WARN_UNGUARDED_AVAILABILITY = YES_AGGRESSIVE;
				CLANG_WARN_UNREACHABLE_CODE = YES;
				CLANG_WARN__DUPLICATE_METHOD_MATCH = YES;
				CODE_SIGN_IDENTITY = "iPhone Developer";
				COPY_PHASE_STRIP = NO;
				DEBUG_INFORMATION_FORMAT = "dwarf-with-dsym";
				ENABLE_NS_ASSERTIONS = NO;
				ENABLE_STRICT_OBJC_MSGSEND = YES;
				GCC_C_LANGUAGE_STANDARD = gnu11;
				GCC_NO_COMMON_BLOCKS = YES;
				GCC_WARN_64_TO_32_BIT_CONVERSION = YES;
				GCC_WARN_ABOUT_RETURN_TYPE = YES_ERROR;
				GCC_WARN_UNDECLARED_SELECTOR = YES;
				GCC_WARN_UNINITIALIZED_AUTOS = YES_AGGRESSIVE;
				GCC_WARN_UNUSED_FUNCTION = YES;
				GCC_WARN_UNUSED_VARIABLE = YES;
				IPHONEOS_DEPLOYMENT_TARGET = 12.2;
				MTL_ENABLE_DEBUG_INFO = NO;
				MTL_FAST_MATH = YES;
				SDKROOT = iphoneos;
				SWIFT_COMPILATION_MODE = wholemodule;
				SWIFT_OPTIMIZATION_LEVEL = "-O";
				VALIDATE_PRODUCT = YES;
			};
			name = Release;
		};
		249BC05C231B9E8B0076ED23 /* Debug */ = {
			isa = XCBuildConfiguration;
			baseConfigurationReference = D2E6EA880DBAA4A85679028B /* Pods-CoreDataDemo.debug.xcconfig */;
			buildSettings = {
				ASSETCATALOG_COMPILER_APPICON_NAME = AppIcon;
				CODE_SIGN_STYLE = Manual;
				DEVELOPMENT_TEAM = "";
				INFOPLIST_FILE = CoreDataDemo/Info.plist;
				LD_RUNPATH_SEARCH_PATHS = (
					"$(inherited)",
					"@executable_path/Frameworks",
				);
				PRODUCT_BUNDLE_IDENTIFIER = com.rakesh.CoreDataDemo;
				PRODUCT_NAME = "$(TARGET_NAME)";
				PROVISIONING_PROFILE_SPECIFIER = "";
				SWIFT_VERSION = 5.0;
				TARGETED_DEVICE_FAMILY = "1,2";
			};
			name = Debug;
		};
		249BC05D231B9E8B0076ED23 /* Release */ = {
			isa = XCBuildConfiguration;
			baseConfigurationReference = 67087AB02C64F1323F1FF42B /* Pods-CoreDataDemo.release.xcconfig */;
			buildSettings = {
				ASSETCATALOG_COMPILER_APPICON_NAME = AppIcon;
				CODE_SIGN_STYLE = Manual;
				DEVELOPMENT_TEAM = "";
				INFOPLIST_FILE = CoreDataDemo/Info.plist;
				LD_RUNPATH_SEARCH_PATHS = (
					"$(inherited)",
					"@executable_path/Frameworks",
				);
				PRODUCT_BUNDLE_IDENTIFIER = com.rakesh.CoreDataDemo;
				PRODUCT_NAME = "$(TARGET_NAME)";
				PROVISIONING_PROFILE_SPECIFIER = "";
				SWIFT_VERSION = 5.0;
				TARGETED_DEVICE_FAMILY = "1,2";
			};
			name = Release;
		};
		249BC05F231B9E8B0076ED23 /* Debug */ = {
			isa = XCBuildConfiguration;
			baseConfigurationReference = 436FA16B570F7AEE2837DE73 /* Pods-CoreDataDemoTests.debug.xcconfig */;
			buildSettings = {
				ALWAYS_EMBED_SWIFT_STANDARD_LIBRARIES = YES;
				BUNDLE_LOADER = "$(TEST_HOST)";
				CODE_SIGN_STYLE = Automatic;
				INFOPLIST_FILE = CoreDataDemoTests/Info.plist;
				LD_RUNPATH_SEARCH_PATHS = (
					"$(inherited)",
					"@executable_path/Frameworks",
					"@loader_path/Frameworks",
				);
				PRODUCT_BUNDLE_IDENTIFIER = com.rakesh.CoreDataDemoTests;
				PRODUCT_NAME = "$(TARGET_NAME)";
				SWIFT_VERSION = 5.0;
				TARGETED_DEVICE_FAMILY = "1,2";
				TEST_HOST = "$(BUILT_PRODUCTS_DIR)/CoreDataDemo.app/CoreDataDemo";
			};
			name = Debug;
		};
		249BC060231B9E8B0076ED23 /* Release */ = {
			isa = XCBuildConfiguration;
			baseConfigurationReference = F188E106A9C2636A5010ECAB /* Pods-CoreDataDemoTests.release.xcconfig */;
			buildSettings = {
				ALWAYS_EMBED_SWIFT_STANDARD_LIBRARIES = YES;
				BUNDLE_LOADER = "$(TEST_HOST)";
				CODE_SIGN_STYLE = Automatic;
				INFOPLIST_FILE = CoreDataDemoTests/Info.plist;
				LD_RUNPATH_SEARCH_PATHS = (
					"$(inherited)",
					"@executable_path/Frameworks",
					"@loader_path/Frameworks",
				);
				PRODUCT_BUNDLE_IDENTIFIER = com.rakesh.CoreDataDemoTests;
				PRODUCT_NAME = "$(TARGET_NAME)";
				SWIFT_VERSION = 5.0;
				TARGETED_DEVICE_FAMILY = "1,2";
				TEST_HOST = "$(BUILT_PRODUCTS_DIR)/CoreDataDemo.app/CoreDataDemo";
			};
			name = Release;
		};
		249BC062231B9E8B0076ED23 /* Debug */ = {
			isa = XCBuildConfiguration;
			baseConfigurationReference = 98E1E0C43D1BED0CA4E3A03C /* Pods-CoreDataDemoUITests.debug.xcconfig */;
			buildSettings = {
				ALWAYS_EMBED_SWIFT_STANDARD_LIBRARIES = YES;
				CODE_SIGN_STYLE = Automatic;
				INFOPLIST_FILE = CoreDataDemoUITests/Info.plist;
				LD_RUNPATH_SEARCH_PATHS = (
					"$(inherited)",
					"@executable_path/Frameworks",
					"@loader_path/Frameworks",
				);
				PRODUCT_BUNDLE_IDENTIFIER = com.rakesh.CoreDataDemoUITests;
				PRODUCT_NAME = "$(TARGET_NAME)";
				SWIFT_VERSION = 5.0;
				TARGETED_DEVICE_FAMILY = "1,2";
				TEST_TARGET_NAME = CoreDataDemo;
			};
			name = Debug;
		};
		249BC063231B9E8B0076ED23 /* Release */ = {
			isa = XCBuildConfiguration;
			baseConfigurationReference = E1BC78CC3E2C3636184DDFBE /* Pods-CoreDataDemoUITests.release.xcconfig */;
			buildSettings = {
				ALWAYS_EMBED_SWIFT_STANDARD_LIBRARIES = YES;
				CODE_SIGN_STYLE = Automatic;
				INFOPLIST_FILE = CoreDataDemoUITests/Info.plist;
				LD_RUNPATH_SEARCH_PATHS = (
					"$(inherited)",
					"@executable_path/Frameworks",
					"@loader_path/Frameworks",
				);
				PRODUCT_BUNDLE_IDENTIFIER = com.rakesh.CoreDataDemoUITests;
				PRODUCT_NAME = "$(TARGET_NAME)";
				SWIFT_VERSION = 5.0;
				TARGETED_DEVICE_FAMILY = "1,2";
				TEST_TARGET_NAME = CoreDataDemo;
			};
			name = Release;
		};
/* End XCBuildConfiguration section */

/* Begin XCConfigurationList section */
		249BC02B231B9E890076ED23 /* Build configuration list for PBXProject "CoreDataDemo" */ = {
			isa = XCConfigurationList;
			buildConfigurations = (
				249BC059231B9E8B0076ED23 /* Debug */,
				249BC05A231B9E8B0076ED23 /* Release */,
			);
			defaultConfigurationIsVisible = 0;
			defaultConfigurationName = Release;
		};
		249BC05B231B9E8B0076ED23 /* Build configuration list for PBXNativeTarget "CoreDataDemo" */ = {
			isa = XCConfigurationList;
			buildConfigurations = (
				249BC05C231B9E8B0076ED23 /* Debug */,
				249BC05D231B9E8B0076ED23 /* Release */,
			);
			defaultConfigurationIsVisible = 0;
			defaultConfigurationName = Release;
		};
		249BC05E231B9E8B0076ED23 /* Build configuration list for PBXNativeTarget "CoreDataDemoTests" */ = {
			isa = XCConfigurationList;
			buildConfigurations = (
				249BC05F231B9E8B0076ED23 /* Debug */,
				249BC060231B9E8B0076ED23 /* Release */,
			);
			defaultConfigurationIsVisible = 0;
			defaultConfigurationName = Release;
		};
		249BC061231B9E8B0076ED23 /* Build configuration list for PBXNativeTarget "CoreDataDemoUITests" */ = {
			isa = XCConfigurationList;
			buildConfigurations = (
				249BC062231B9E8B0076ED23 /* Debug */,
				249BC063231B9E8B0076ED23 /* Release */,
			);
			defaultConfigurationIsVisible = 0;
			defaultConfigurationName = Release;
		};
/* End XCConfigurationList section */

/* Begin XCVersionGroup section */
		249BC03A231B9E890076ED23 /* CoreDataDemo.xcdatamodeld */ = {
			isa = XCVersionGroup;
			children = (
				249BC03B231B9E890076ED23 /* CoreDataDemo.xcdatamodel */,
			);
			currentVersion = 249BC03B231B9E890076ED23 /* CoreDataDemo.xcdatamodel */;
			path = CoreDataDemo.xcdatamodeld;
			sourceTree = "<group>";
			versionGroupType = wrapper.xcdatamodel;
		};
/* End XCVersionGroup section */
	};
	rootObject = 249BC028231B9E890076ED23 /* Project object */;
}
